
Microsoft Visual Studio Solution File, Format Version 12.00
# Visual Studio Version 17
VisualStudioVersion = 17.0.32112.339
MinimumVisualStudioVersion = 10.0.40219.1
Project("{FAE04EC0-301F-11D3-BF4B-00C04F79EFBC}") = "Games", "Games\Games.csproj", "{FBC7EF82-1169-4597-99F4-F14C3AF69190}"
EndProject
Global
	GlobalSection(SolutionConfigurationPlatforms) = preSolution
		Debug|Any CPU = Debug|Any CPU
		Release|Any CPU = Release|Any CPU
	EndGlobalSection
	GlobalSection(ProjectConfigurationPlatforms) = postSolution
		{FBC7EF82-1169-4597-99F4-F14C3AF69190}.Debug|Any CPU.ActiveCfg = Debug|Any CPU
		{FBC7EF82-1169-4597-99F4-F14C3AF69190}.Debug|Any CPU.Build.0 = Debug|Any CPU
		{FBC7EF82-1169-4597-99F4-F14C3AF69190}.Release|Any CPU.ActiveCfg = Release|Any CPU
		{FBC7EF82-1169-4597-99F4-F14C3AF69190}.Release|Any CPU.Build.0 = Release|Any CPU
	EndGlobalSection
	GlobalSection(SolutionProperties) = preSolution
		HideSolutionNode = FALSE
	EndGlobalSection
	GlobalSection(ExtensibilityGlobals) = postSolution
		SolutionGuid = {89AD06D4-98F6-478D-AAB3-D5861AC83CC1}
	EndGlobalSection
EndGlobal
